// !$*UTF8*$!
{
	archiveVersion = 1;
	classes = {
	};
	objectVersion = 50;
	objects = {

/* Begin PBXBuildFile section */
		208C74AE305976319863AECE /* Pods_Yo__Chat.framework in Frameworks */ = {isa = PBXBuildFile; fileRef = 3103C42B9451A57AE6D56F5A /* Pods_Yo__Chat.framework */; };
		685C4CB121B65F9E00F34EEC /* SWRevealViewController.m in Sources */ = {isa = PBXBuildFile; fileRef = 685C4CB021B65F9E00F34EEC /* SWRevealViewController.m */; };
		685C4CB821B6708F00F34EEC /* ChatVC.swift in Sources */ = {isa = PBXBuildFile; fileRef = 685C4CB721B6708F00F34EEC /* ChatVC.swift */; };
		685C4CBA21B6709E00F34EEC /* ChannelVC.swift in Sources */ = {isa = PBXBuildFile; fileRef = 685C4CB921B6709E00F34EEC /* ChannelVC.swift */; };
		685C4CBC21B68D6D00F34EEC /* GradientView.swift in Sources */ = {isa = PBXBuildFile; fileRef = 685C4CBB21B68D6D00F34EEC /* GradientView.swift */; };
		68689F1C21B6543800D804A1 /* AppDelegate.swift in Sources */ = {isa = PBXBuildFile; fileRef = 68689F1B21B6543800D804A1 /* AppDelegate.swift */; };
		68689F2121B6543800D804A1 /* Main.storyboard in Resources */ = {isa = PBXBuildFile; fileRef = 68689F1F21B6543800D804A1 /* Main.storyboard */; };
		68689F2321B6543A00D804A1 /* Assets.xcassets in Resources */ = {isa = PBXBuildFile; fileRef = 68689F2221B6543A00D804A1 /* Assets.xcassets */; };
		68689F2621B6543A00D804A1 /* LaunchScreen.storyboard in Resources */ = {isa = PBXBuildFile; fileRef = 68689F2421B6543A00D804A1 /* LaunchScreen.storyboard */; };
		68B3395E21B921B1003B6A05 /* Constants.swift in Sources */ = {isa = PBXBuildFile; fileRef = 68B3395D21B921B1003B6A05 /* Constants.swift */; };
		68B3396121B92D2F003B6A05 /* LoginVC.swift in Sources */ = {isa = PBXBuildFile; fileRef = 68B3396021B92D2F003B6A05 /* LoginVC.swift */; };
/* End PBXBuildFile section */

/* Begin PBXFileReference section */
		2C02353F2EB2A33E000EFFA1 /* Pods-Yo! Chat.debug.xcconfig */ = {isa = PBXFileReference; includeInIndex = 1; lastKnownFileType = text.xcconfig; name = "Pods-Yo! Chat.debug.xcconfig"; path = "Pods/Target Support Files/Pods-Yo! Chat/Pods-Yo! Chat.debug.xcconfig"; sourceTree = "<group>"; };
		3103C42B9451A57AE6D56F5A /* Pods_Yo__Chat.framework */ = {isa = PBXFileReference; explicitFileType = wrapper.framework; includeInIndex = 0; path = Pods_Yo__Chat.framework; sourceTree = BUILT_PRODUCTS_DIR; };
		685C4CAE21B65F9D00F34EEC /* Yo! Chat-Bridging-Header.h */ = {isa = PBXFileReference; lastKnownFileType = sourcecode.c.h; path = "Yo! Chat-Bridging-Header.h"; sourceTree = "<group>"; };
		685C4CAF21B65F9D00F34EEC /* SWRevealViewController.h */ = {isa = PBXFileReference; fileEncoding = 4; lastKnownFileType = sourcecode.c.h; path = SWRevealViewController.h; sourceTree = "<group>"; };
		685C4CB021B65F9E00F34EEC /* SWRevealViewController.m */ = {isa = PBXFileReference; fileEncoding = 4; lastKnownFileType = sourcecode.c.objc; path = SWRevealViewController.m; sourceTree = "<group>"; };
		685C4CB721B6708F00F34EEC /* ChatVC.swift */ = {isa = PBXFileReference; lastKnownFileType = sourcecode.swift; path = ChatVC.swift; sourceTree = "<group>"; };
		685C4CB921B6709E00F34EEC /* ChannelVC.swift */ = {isa = PBXFileReference; lastKnownFileType = sourcecode.swift; path = ChannelVC.swift; sourceTree = "<group>"; };
		685C4CBB21B68D6D00F34EEC /* GradientView.swift */ = {isa = PBXFileReference; lastKnownFileType = sourcecode.swift; path = GradientView.swift; sourceTree = "<group>"; };
		68689F1821B6543800D804A1 /* Yo! Chat.app */ = {isa = PBXFileReference; explicitFileType = wrapper.application; includeInIndex = 0; path = "Yo! Chat.app"; sourceTree = BUILT_PRODUCTS_DIR; };
		68689F1B21B6543800D804A1 /* AppDelegate.swift */ = {isa = PBXFileReference; lastKnownFileType = sourcecode.swift; path = AppDelegate.swift; sourceTree = "<group>"; };
		68689F2021B6543800D804A1 /* Base */ = {isa = PBXFileReference; lastKnownFileType = file.storyboard; name = Base; path = Base.lproj/Main.storyboard; sourceTree = "<group>"; };
		68689F2221B6543A00D804A1 /* Assets.xcassets */ = {isa = PBXFileReference; lastKnownFileType = folder.assetcatalog; path = Assets.xcassets; sourceTree = "<group>"; };
		68689F2521B6543A00D804A1 /* Base */ = {isa = PBXFileReference; lastKnownFileType = file.storyboard; name = Base; path = Base.lproj/LaunchScreen.storyboard; sourceTree = "<group>"; };
		68689F2721B6543A00D804A1 /* Info.plist */ = {isa = PBXFileReference; lastKnownFileType = text.plist.xml; path = Info.plist; sourceTree = "<group>"; };
		68B3395D21B921B1003B6A05 /* Constants.swift */ = {isa = PBXFileReference; lastKnownFileType = sourcecode.swift; path = Constants.swift; sourceTree = "<group>"; };
		68B3396021B92D2F003B6A05 /* LoginVC.swift */ = {isa = PBXFileReference; lastKnownFileType = sourcecode.swift; path = LoginVC.swift; sourceTree = "<group>"; };
		C5C7FE42867DB91662015645 /* Pods-Yo! Chat.release.xcconfig */ = {isa = PBXFileReference; includeInIndex = 1; lastKnownFileType = text.xcconfig; name = "Pods-Yo! Chat.release.xcconfig"; path = "Pods/Target Support Files/Pods-Yo! Chat/Pods-Yo! Chat.release.xcconfig"; sourceTree = "<group>"; };
/* End PBXFileReference section */

/* Begin PBXFrameworksBuildPhase section */
		68689F1521B6543800D804A1 /* Frameworks */ = {
			isa = PBXFrameworksBuildPhase;
			buildActionMask = 2147483647;
			files = (
				208C74AE305976319863AECE /* Pods_Yo__Chat.framework in Frameworks */,
			);
			runOnlyForDeploymentPostprocessing = 0;
		};
/* End PBXFrameworksBuildPhase section */

/* Begin PBXGroup section */
		685C4CAD21B65F2600F34EEC /* Supporting File */ = {
			isa = PBXGroup;
			children = (
				685C4CAF21B65F9D00F34EEC /* SWRevealViewController.h */,
				685C4CB021B65F9E00F34EEC /* SWRevealViewController.m */,
				685C4CAE21B65F9D00F34EEC /* Yo! Chat-Bridging-Header.h */,
			);
			path = "Supporting File";
			sourceTree = "<group>";
		};
		685C4CB221B6618500F34EEC /* Model */ = {
			isa = PBXGroup;
			children = (
			);
			path = Model;
			sourceTree = "<group>";
		};
		685C4CB421B6619000F34EEC /* View */ = {
			isa = PBXGroup;
			children = (
				685C4CBB21B68D6D00F34EEC /* GradientView.swift */,
			);
			path = View;
			sourceTree = "<group>";
		};
		685C4CB521B6619300F34EEC /* Controller */ = {
			isa = PBXGroup;
			children = (
				685C4CB721B6708F00F34EEC /* ChatVC.swift */,
				685C4CB921B6709E00F34EEC /* ChannelVC.swift */,
				68B3396021B92D2F003B6A05 /* LoginVC.swift */,
			);
			path = Controller;
			sourceTree = "<group>";
		};
		685C4CB621B661AD00F34EEC /* Data Service */ = {
			isa = PBXGroup;
			children = (
			);
			path = "Data Service";
			sourceTree = "<group>";
		};
		68689F0F21B6543800D804A1 = {
			isa = PBXGroup;
			children = (
				68689F1A21B6543800D804A1 /* Yo! Chat */,
				68689F1921B6543800D804A1 /* Products */,
				91B1B593AD12C80F5C82C42A /* Pods */,
				B2F67662914256709D7ACEAA /* Frameworks */,
			);
			sourceTree = "<group>";
		};
		68689F1921B6543800D804A1 /* Products */ = {
			isa = PBXGroup;
			children = (
				68689F1821B6543800D804A1 /* Yo! Chat.app */,
			);
			name = Products;
			sourceTree = "<group>";
		};
		68689F1A21B6543800D804A1 /* Yo! Chat */ = {
			isa = PBXGroup;
			children = (
				68B3395C21B92191003B6A05 /* Utilities */,
				685C4CB621B661AD00F34EEC /* Data Service */,
				685C4CB521B6619300F34EEC /* Controller */,
				685C4CB421B6619000F34EEC /* View */,
				685C4CB221B6618500F34EEC /* Model */,
				685C4CAD21B65F2600F34EEC /* Supporting File */,
				68689F1B21B6543800D804A1 /* AppDelegate.swift */,
				68689F1F21B6543800D804A1 /* Main.storyboard */,
				68689F2221B6543A00D804A1 /* Assets.xcassets */,
				68689F2421B6543A00D804A1 /* LaunchScreen.storyboard */,
				68689F2721B6543A00D804A1 /* Info.plist */,
			);
			path = "Yo! Chat";
			sourceTree = "<group>";
		};
		68B3395C21B92191003B6A05 /* Utilities */ = {
			isa = PBXGroup;
			children = (
				68B3395D21B921B1003B6A05 /* Constants.swift */,
			);
			path = Utilities;
			sourceTree = "<group>";
		};
		91B1B593AD12C80F5C82C42A /* Pods */ = {
			isa = PBXGroup;
			children = (
				2C02353F2EB2A33E000EFFA1 /* Pods-Yo! Chat.debug.xcconfig */,
				C5C7FE42867DB91662015645 /* Pods-Yo! Chat.release.xcconfig */,
			);
			name = Pods;
			sourceTree = "<group>";
		};
		B2F67662914256709D7ACEAA /* Frameworks */ = {
			isa = PBXGroup;
			children = (
				3103C42B9451A57AE6D56F5A /* Pods_Yo__Chat.framework */,
			);
			name = Frameworks;
			sourceTree = "<group>";
		};
/* End PBXGroup section */

/* Begin PBXNativeTarget section */
		68689F1721B6543800D804A1 /* Yo! Chat */ = {
			isa = PBXNativeTarget;
			buildConfigurationList = 68689F2A21B6543A00D804A1 /* Build configuration list for PBXNativeTarget "Yo! Chat" */;
			buildPhases = (
				64D786034424885FC5F1D7DB /* [CP] Check Pods Manifest.lock */,
				68689F1421B6543800D804A1 /* Sources */,
				68689F1521B6543800D804A1 /* Frameworks */,
				68689F1621B6543800D804A1 /* Resources */,
				B14AB1006B3E0CAB2242E3F4 /* [CP] Embed Pods Frameworks */,
			);
			buildRules = (
			);
			dependencies = (
			);
			name = "Yo! Chat";
			productName = "Yo! Chat";
			productReference = 68689F1821B6543800D804A1 /* Yo! Chat.app */;
			productType = "com.apple.product-type.application";
		};
/* End PBXNativeTarget section */

/* Begin PBXProject section */
		68689F1021B6543800D804A1 /* Project object */ = {
			isa = PBXProject;
			attributes = {
				LastSwiftUpdateCheck = 1000;
				LastUpgradeCheck = 1000;
				ORGANIZATIONNAME = Sudeepasa;
				TargetAttributes = {
					68689F1721B6543800D804A1 = {
						CreatedOnToolsVersion = 10.0;
						LastSwiftMigration = 1000;
					};
				};
			};
			buildConfigurationList = 68689F1321B6543800D804A1 /* Build configuration list for PBXProject "Yo! Chat" */;
			compatibilityVersion = "Xcode 9.3";
			developmentRegion = en;
			hasScannedForEncodings = 0;
			knownRegions = (
				en,
				Base,
			);
			mainGroup = 68689F0F21B6543800D804A1;
			productRefGroup = 68689F1921B6543800D804A1 /* Products */;
			projectDirPath = "";
			projectRoot = "";
			targets = (
				68689F1721B6543800D804A1 /* Yo! Chat */,
			);
		};
/* End PBXProject section */

/* Begin PBXResourcesBuildPhase section */
		68689F1621B6543800D804A1 /* Resources */ = {
			isa = PBXResourcesBuildPhase;
			buildActionMask = 2147483647;
			files = (
				68689F2621B6543A00D804A1 /* LaunchScreen.storyboard in Resources */,
				68689F2321B6543A00D804A1 /* Assets.xcassets in Resources */,
				68689F2121B6543800D804A1 /* Main.storyboard in Resources */,
			);
			runOnlyForDeploymentPostprocessing = 0;
		};
/* End PBXResourcesBuildPhase section */

/* Begin PBXShellScriptBuildPhase section */
		64D786034424885FC5F1D7DB /* [CP] Check Pods Manifest.lock */ = {
			isa = PBXShellScriptBuildPhase;
			buildActionMask = 2147483647;
			files = (
			);
			inputFileListPaths = (
			);
			inputPaths = (
				"${PODS_PODFILE_DIR_PATH}/Podfile.lock",
				"${PODS_ROOT}/Manifest.lock",
			);
			name = "[CP] Check Pods Manifest.lock";
			outputFileListPaths = (
			);
			outputPaths = (
				"$(DERIVED_FILE_DIR)/Pods-Yo! Chat-checkManifestLockResult.txt",
			);
			runOnlyForDeploymentPostprocessing = 0;
			shellPath = /bin/sh;
			shellScript = "diff \"${PODS_PODFILE_DIR_PATH}/Podfile.lock\" \"${PODS_ROOT}/Manifest.lock\" > /dev/null\nif [ $? != 0 ] ; then\n    # print error to STDERR\n    echo \"error: The sandbox is not in sync with the Podfile.lock. Run 'pod install' or update your CocoaPods installation.\" >&2\n    exit 1\nfi\n# This output is used by Xcode 'outputs' to avoid re-running this script phase.\necho \"SUCCESS\" > \"${SCRIPT_OUTPUT_FILE_0}\"\n";
			showEnvVarsInLog = 0;
		};
		B14AB1006B3E0CAB2242E3F4 /* [CP] Embed Pods Frameworks */ = {
			isa = PBXShellScriptBuildPhase;
			buildActionMask = 2147483647;
			files = (
			);
			inputFileListPaths = (
			);
			inputPaths = (
				"${SRCROOT}/Pods/Target Support Files/Pods-Yo! Chat/Pods-Yo! Chat-frameworks.sh",
				"${BUILT_PRODUCTS_DIR}/Alamofire/Alamofire.framework",
				"${BUILT_PRODUCTS_DIR}/Socket.IO-Client-Swift/SocketIO.framework",
				"${BUILT_PRODUCTS_DIR}/Starscream/Starscream.framework",
				"${BUILT_PRODUCTS_DIR}/SwiftyJSON/SwiftyJSON.framework",
			);
			name = "[CP] Embed Pods Frameworks";
			outputFileListPaths = (
			);
			outputPaths = (
				"${TARGET_BUILD_DIR}/${FRAMEWORKS_FOLDER_PATH}/Alamofire.framework",
				"${TARGET_BUILD_DIR}/${FRAMEWORKS_FOLDER_PATH}/SocketIO.framework",
				"${TARGET_BUILD_DIR}/${FRAMEWORKS_FOLDER_PATH}/Starscream.framework",
				"${TARGET_BUILD_DIR}/${FRAMEWORKS_FOLDER_PATH}/SwiftyJSON.framework",
			);
			runOnlyForDeploymentPostprocessing = 0;
			shellPath = /bin/sh;
			shellScript = "\"${SRCROOT}/Pods/Target Support Files/Pods-Yo! Chat/Pods-Yo! Chat-frameworks.sh\"\n";
			showEnvVarsInLog = 0;
		};
/* End PBXShellScriptBuildPhase section */

/* Begin PBXSourcesBuildPhase section */
		68689F1421B6543800D804A1 /* Sources */ = {
			isa = PBXSourcesBuildPhase;
			buildActionMask = 2147483647;
			files = (
				685C4CBA21B6709E00F34EEC /* ChannelVC.swift in Sources */,
				685C4CB821B6708F00F34EEC /* ChatVC.swift in Sources */,
				68B3396121B92D2F003B6A05 /* LoginVC.swift in Sources */,
				685C4CBC21B68D6D00F34EEC /* GradientView.swift in Sources */,
				68689F1C21B6543800D804A1 /* AppDelegate.swift in Sources */,
				685C4CB121B65F9E00F34EEC /* SWRevealViewController.m in Sources */,
				68B3395E21B921B1003B6A05 /* Constants.swift in Sources */,
			);
			runOnlyForDeploymentPostprocessing = 0;
		};
/* End PBXSourcesBuildPhase section */

/* Begin PBXVariantGroup section */
		68689F1F21B6543800D804A1 /* Main.storyboard */ = {
			isa = PBXVariantGroup;
			children = (
				68689F2021B6543800D804A1 /* Base */,
			);
			name = Main.storyboard;
			sourceTree = "<group>";
		};
		68689F2421B6543A00D804A1 /* LaunchScreen.storyboard */ = {
			isa = PBXVariantGroup;
			children = (
				68689F2521B6543A00D804A1 /* Base */,
			);
			name = LaunchScreen.storyboard;
			sourceTree = "<group>";
		};
/* End PBXVariantGroup section */

/* Begin XCBuildConfiguration section */
		68689F2821B6543A00D804A1 /* Debug */ = {
			isa = XCBuildConfiguration;
			buildSettings = {
				ALWAYS_SEARCH_USER_PATHS = NO;
				CLANG_ANALYZER_NONNULL = YES;
				CLANG_ANALYZER_NUMBER_OBJECT_CONVERSION = YES_AGGRESSIVE;
				CLANG_CXX_LANGUAGE_STANDARD = "gnu++14";
				CLANG_CXX_LIBRARY = "libc++";
				CLANG_ENABLE_MODULES = YES;
				CLANG_ENABLE_OBJC_ARC = YES;
				CLANG_ENABLE_OBJC_WEAK = YES;
				CLANG_WARN_BLOCK_CAPTURE_AUTORELEASING = YES;
				CLANG_WARN_BOOL_CONVERSION = YES;
				CLANG_WARN_COMMA = YES;
				CLANG_WARN_CONSTANT_CONVERSION = YES;
				CLANG_WARN_DEPRECATED_OBJC_IMPLEMENTATIONS = YES;
				CLANG_WARN_DIRECT_OBJC_ISA_USAGE = YES_ERROR;
				CLANG_WARN_DOCUMENTATION_COMMENTS = YES;
				CLANG_WARN_EMPTY_BODY = YES;
				CLANG_WARN_ENUM_CONVERSION = YES;
				CLANG_WARN_INFINITE_RECURSION = YES;
				CLANG_WARN_INT_CONVERSION = YES;
				CLANG_WARN_NON_LITERAL_NULL_CONVERSION = YES;
				CLANG_WARN_OBJC_IMPLICIT_RETAIN_SELF = YES;
				CLANG_WARN_OBJC_LITERAL_CONVERSION = YES;
				CLANG_WARN_OBJC_ROOT_CLASS = YES_ERROR;
				CLANG_WARN_RANGE_LOOP_ANALYSIS = YES;
				CLANG_WARN_STRICT_PROTOTYPES = YES;
				CLANG_WARN_SUSPICIOUS_MOVE = YES;
				CLANG_WARN_UNGUARDED_AVAILABILITY = YES_AGGRESSIVE;
				CLANG_WARN_UNREACHABLE_CODE = YES;
				CLANG_WARN__DUPLICATE_METHOD_MATCH = YES;
				CODE_SIGN_IDENTITY = "iPhone Developer";
				COPY_PHASE_STRIP = NO;
				DEBUG_INFORMATION_FORMAT = dwarf;
				ENABLE_STRICT_OBJC_MSGSEND = YES;
				ENABLE_TESTABILITY = YES;
				GCC_C_LANGUAGE_STANDARD = gnu11;
				GCC_DYNAMIC_NO_PIC = NO;
				GCC_NO_COMMON_BLOCKS = YES;
				GCC_OPTIMIZATION_LEVEL = 0;
				GCC_PREPROCESSOR_DEFINITIONS = (
					"DEBUG=1",
					"$(inherited)",
				);
				GCC_WARN_64_TO_32_BIT_CONVERSION = YES;
				GCC_WARN_ABOUT_RETURN_TYPE = YES_ERROR;
				GCC_WARN_UNDECLARED_SELECTOR = YES;
				GCC_WARN_UNINITIALIZED_AUTOS = YES_AGGRESSIVE;
				GCC_WARN_UNUSED_FUNCTION = YES;
				GCC_WARN_UNUSED_VARIABLE = YES;
				IPHONEOS_DEPLOYMENT_TARGET = 12.0;
				MTL_ENABLE_DEBUG_INFO = INCLUDE_SOURCE;
				MTL_FAST_MATH = YES;
				ONLY_ACTIVE_ARCH = YES;
				SDKROOT = iphoneos;
				SWIFT_ACTIVE_COMPILATION_CONDITIONS = DEBUG;
				SWIFT_OPTIMIZATION_LEVEL = "-Onone";
			};
			name = Debug;
		};
		68689F2921B6543A00D804A1 /* Release */ = {
			isa = XCBuildConfiguration;
			buildSettings = {
				ALWAYS_SEARCH_USER_PATHS = NO;
				CLANG_ANALYZER_NONNULL = YES;
				CLANG_ANALYZER_NUMBER_OBJECT_CONVERSION = YES_AGGRESSIVE;
				CLANG_CXX_LANGUAGE_STANDARD = "gnu++14";
				CLANG_CXX_LIBRARY = "libc++";
				CLANG_ENABLE_MODULES = YES;
				CLANG_ENABLE_OBJC_ARC = YES;
				CLANG_ENABLE_OBJC_WEAK = YES;
				CLANG_WARN_BLOCK_CAPTURE_AUTORELEASING = YES;
				CLANG_WARN_BOOL_CONVERSION = YES;
				CLANG_WARN_COMMA = YES;
				CLANG_WARN_CONSTANT_CONVERSION = YES;
				CLANG_WARN_DEPRECATED_OBJC_IMPLEMENTATIONS = YES;
				CLANG_WARN_DIRECT_OBJC_ISA_USAGE = YES_ERROR;
				CLANG_WARN_DOCUMENTATION_COMMENTS = YES;
				CLANG_WARN_EMPTY_BODY = YES;
				CLANG_WARN_ENUM_CONVERSION = YES;
				CLANG_WARN_INFINITE_RECURSION = YES;
				CLANG_WARN_INT_CONVERSION = YES;
				CLANG_WARN_NON_LITERAL_NULL_CONVERSION = YES;
				CLANG_WARN_OBJC_IMPLICIT_RETAIN_SELF = YES;
				CLANG_WARN_OBJC_LITERAL_CONVERSION = YES;
				CLANG_WARN_OBJC_ROOT_CLASS = YES_ERROR;
				CLANG_WARN_RANGE_LOOP_ANALYSIS = YES;
				CLANG_WARN_STRICT_PROTOTYPES = YES;
				CLANG_WARN_SUSPICIOUS_MOVE = YES;
				CLANG_WARN_UNGUARDED_AVAILABILITY = YES_AGGRESSIVE;
				CLANG_WARN_UNREACHABLE_CODE = YES;
				CLANG_WARN__DUPLICATE_METHOD_MATCH = YES;
				CODE_SIGN_IDENTITY = "iPhone Developer";
				COPY_PHASE_STRIP = NO;
				DEBUG_INFORMATION_FORMAT = "dwarf-with-dsym";
				ENABLE_NS_ASSERTIONS = NO;
				ENABLE_STRICT_OBJC_MSGSEND = YES;
				GCC_C_LANGUAGE_STANDARD = gnu11;
				GCC_NO_COMMON_BLOCKS = YES;
				GCC_WARN_64_TO_32_BIT_CONVERSION = YES;
				GCC_WARN_ABOUT_RETURN_TYPE = YES_ERROR;
				GCC_WARN_UNDECLARED_SELECTOR = YES;
				GCC_WARN_UNINITIALIZED_AUTOS = YES_AGGRESSIVE;
				GCC_WARN_UNUSED_FUNCTION = YES;
				GCC_WARN_UNUSED_VARIABLE = YES;
				IPHONEOS_DEPLOYMENT_TARGET = 12.0;
				MTL_ENABLE_DEBUG_INFO = NO;
				MTL_FAST_MATH = YES;
				SDKROOT = iphoneos;
				SWIFT_COMPILATION_MODE = wholemodule;
				SWIFT_OPTIMIZATION_LEVEL = "-O";
				VALIDATE_PRODUCT = YES;
			};
			name = Release;
		};
		68689F2B21B6543A00D804A1 /* Debug */ = {
			isa = XCBuildConfiguration;
			baseConfigurationReference = 2C02353F2EB2A33E000EFFA1 /* Pods-Yo! Chat.debug.xcconfig */;
			buildSettings = {
				ASSETCATALOG_COMPILER_APPICON_NAME = AppIcon;
				CLANG_ENABLE_MODULES = YES;
				CODE_SIGN_STYLE = Automatic;
				DEVELOPMENT_TEAM = G7427U3PBF;
				INFOPLIST_FILE = "Yo! Chat/Info.plist";
				LD_RUNPATH_SEARCH_PATHS = (
					"$(inherited)",
					"@executable_path/Frameworks",
				);
				PRODUCT_BUNDLE_IDENTIFIER = "com.sudeepasadevelopement.Yo--Chat";
				PRODUCT_NAME = "$(TARGET_NAME)";
				SWIFT_OBJC_BRIDGING_HEADER = "Yo! Chat/Supporting File/Yo! Chat-Bridging-Header.h";
				SWIFT_OPTIMIZATION_LEVEL = "-Onone";
				SWIFT_VERSION = 4.2;
				TARGETED_DEVICE_FAMILY = "1,2";
			};
			name = Debug;
		};
		68689F2C21B6543A00D804A1 /* Release */ = {
			isa = XCBuildConfiguration;
			baseConfigurationReference = C5C7FE42867DB91662015645 /* Pods-Yo! Chat.release.xcconfig */;
			buildSettings = {
				ASSETCATALOG_COMPILER_APPICON_NAME = AppIcon;
				CLANG_ENABLE_MODULES = YES;
				CODE_SIGN_STYLE = Automatic;
				DEVELOPMENT_TEAM = G7427U3PBF;
				INFOPLIST_FILE = "Yo! Chat/Info.plist";
				LD_RUNPATH_SEARCH_PATHS = (
					"$(inherited)",
					"@executable_path/Frameworks",
				);
				PRODUCT_BUNDLE_IDENTIFIER = "com.sudeepasadevelopement.Yo--Chat";
				PRODUCT_NAME = "$(TARGET_NAME)";
				SWIFT_OBJC_BRIDGING_HEADER = "Yo! Chat/Supporting File/Yo! Chat-Bridging-Header.h";
				SWIFT_VERSION = 4.2;
				TARGETED_DEVICE_FAMILY = "1,2";
			};
			name = Release;
		};
/* End XCBuildConfiguration section */

/* Begin XCConfigurationList section */
		68689F1321B6543800D804A1 /* Build configuration list for PBXProject "Yo! Chat" */ = {
			isa = XCConfigurationList;
			buildConfigurations = (
				68689F2821B6543A00D804A1 /* Debug */,
				68689F2921B6543A00D804A1 /* Release */,
			);
			defaultConfigurationIsVisible = 0;
			defaultConfigurationName = Release;
		};
		68689F2A21B6543A00D804A1 /* Build configuration list for PBXNativeTarget "Yo! Chat" */ = {
			isa = XCConfigurationList;
			buildConfigurations = (
				68689F2B21B6543A00D804A1 /* Debug */,
				68689F2C21B6543A00D804A1 /* Release */,
			);
			defaultConfigurationIsVisible = 0;
			defaultConfigurationName = Release;
		};
/* End XCConfigurationList section */
	};
	rootObject = 68689F1021B6543800D804A1 /* Project object */;
}
